# THIS IS AN AUTOGENERATED FILE. DO NOT EDIT THIS FILE DIRECTLY.
# yarn lockfile v1


bs-platform@^7.1.1:
  version "7.1.1"
  resolved "https://registry.yarnpkg.com/bs-platform/-/bs-platform-7.1.1.tgz#ed4032de7ab15158c61d8994680a05393e3ddd74"
  integrity sha512-ckZHR3J+yxyEKXOBHX8+hfzWG2XX5BxhQ4Iw9lulHFGYdAm9Ep9LgKkIah7G6RYADLmVfTxFE48igvY3kkkl+g==
